
Microsoft Visual Studio Solution File, Format Version 12.00
# Visual Studio Version 16
VisualStudioVersion = 16.0.31613.86
MinimumVisualStudioVersion = 10.0.40219.1
Project("{FAE04EC0-301F-11D3-BF4B-00C04F79EFBC}") = "Sumof3 office hours", "Sumof3 office hours\Sumof3 office hours.csproj", "{6DFEC339-A328-4703-832A-D7E5DF20B189}"
EndProject
Global
	GlobalSection(SolutionConfigurationPlatforms) = preSolution
		Debug|Any CPU = Debug|Any CPU
		Release|Any CPU = Release|Any CPU
	EndGlobalSection
	GlobalSection(ProjectConfigurationPlatforms) = postSolution
		{6DFEC339-A328-4703-832A-D7E5DF20B189}.Debug|Any CPU.ActiveCfg = Debug|Any CPU
		{6DFEC339-A328-4703-832A-D7E5DF20B189}.Debug|Any CPU.Build.0 = Debug|Any CPU
		{6DFEC339-A328-4703-832A-D7E5DF20B189}.Release|Any CPU.ActiveCfg = Release|Any CPU
		{6DFEC339-A328-4703-832A-D7E5DF20B189}.Release|Any CPU.Build.0 = Release|Any CPU
	EndGlobalSection
	GlobalSection(SolutionProperties) = preSolution
		HideSolutionNode = FALSE
	EndGlobalSection
	GlobalSection(ExtensibilityGlobals) = postSolution
		SolutionGuid = {21B94F85-7C72-4863-9158-E757A012451C}
	EndGlobalSection
EndGlobal
